// !$*UTF8*$!
{
	archiveVersion = 1;
	classes = {
	};
	objectVersion = 56;
	objects = {

/* Begin PBXBuildFile section */
		21320CD529D5BC7F00E11582 /* Shapes.swift in Sources */ = {isa = PBXBuildFile; fileRef = 21320CD429D5BC7F00E11582 /* Shapes.swift */; };
		214A90F929FCD83700251D51 /* SagmentedControl.swift in Sources */ = {isa = PBXBuildFile; fileRef = 214A90F829FCD83700251D51 /* SagmentedControl.swift */; };
		214A90FB29FCDEE500251D51 /* ForecastModel.swift in Sources */ = {isa = PBXBuildFile; fileRef = 214A90FA29FCDEE500251D51 /* ForecastModel.swift */; };
		214A90FD29FCE25F00251D51 /* ForecastCard.swift in Sources */ = {isa = PBXBuildFile; fileRef = 214A90FC29FCE25F00251D51 /* ForecastCard.swift */; };
		214A90FF29FCE53400251D51 /* NavigationBar.swift in Sources */ = {isa = PBXBuildFile; fileRef = 214A90FE29FCE53400251D51 /* NavigationBar.swift */; };
		214A910129FCE59900251D51 /* WeatherView.swift in Sources */ = {isa = PBXBuildFile; fileRef = 214A910029FCE59900251D51 /* WeatherView.swift */; };
		214A910329FCE60300251D51 /* WeatherWideget.swift in Sources */ = {isa = PBXBuildFile; fileRef = 214A910229FCE60300251D51 /* WeatherWideget.swift */; };
		21640DAD29CF163600727D33 /* WeatherApp.swift in Sources */ = {isa = PBXBuildFile; fileRef = 21640DAC29CF163600727D33 /* WeatherApp.swift */; };
		21640DAF29CF163600727D33 /* ContentView.swift in Sources */ = {isa = PBXBuildFile; fileRef = 21640DAE29CF163600727D33 /* ContentView.swift */; };
		21640DB129CF163700727D33 /* Assets.xcassets in Resources */ = {isa = PBXBuildFile; fileRef = 21640DB029CF163700727D33 /* Assets.xcassets */; };
		21640DB429CF163700727D33 /* Preview Assets.xcassets in Resources */ = {isa = PBXBuildFile; fileRef = 21640DB329CF163700727D33 /* Preview Assets.xcassets */; };
		21640DC229CF1ADF00727D33 /* Extensions.swift in Sources */ = {isa = PBXBuildFile; fileRef = 21640DC129CF1ADF00727D33 /* Extensions.swift */; };
		21640DC429CF1D0B00727D33 /* HomeView.swift in Sources */ = {isa = PBXBuildFile; fileRef = 21640DC329CF1D0B00727D33 /* HomeView.swift */; };
		21B131F129D31140003F8835 /* TabBar.swift in Sources */ = {isa = PBXBuildFile; fileRef = 21B131F029D31140003F8835 /* TabBar.swift */; };
		21D76F5D29E1EA4E00EB4A1A /* BottomSheet in Frameworks */ = {isa = PBXBuildFile; productRef = 21D76F5C29E1EA4E00EB4A1A /* BottomSheet */; };
		21D76F5F29E1EDF900EB4A1A /* ForecastView.swift in Sources */ = {isa = PBXBuildFile; fileRef = 21D76F5E29E1EDF900EB4A1A /* ForecastView.swift */; };
		21D76F6129E550E700EB4A1A /* Blur.swift in Sources */ = {isa = PBXBuildFile; fileRef = 21D76F6029E550E700EB4A1A /* Blur.swift */; };
/* End PBXBuildFile section */

/* Begin PBXFileReference section */
		21320CD429D5BC7F00E11582 /* Shapes.swift */ = {isa = PBXFileReference; lastKnownFileType = sourcecode.swift; path = Shapes.swift; sourceTree = "<group>"; };
		214A90F829FCD83700251D51 /* SagmentedControl.swift */ = {isa = PBXFileReference; lastKnownFileType = sourcecode.swift; path = SagmentedControl.swift; sourceTree = "<group>"; };
		214A90FA29FCDEE500251D51 /* ForecastModel.swift */ = {isa = PBXFileReference; lastKnownFileType = sourcecode.swift; path = ForecastModel.swift; sourceTree = "<group>"; };
		214A90FC29FCE25F00251D51 /* ForecastCard.swift */ = {isa = PBXFileReference; lastKnownFileType = sourcecode.swift; path = ForecastCard.swift; sourceTree = "<group>"; };
		214A90FE29FCE53400251D51 /* NavigationBar.swift */ = {isa = PBXFileReference; lastKnownFileType = sourcecode.swift; path = NavigationBar.swift; sourceTree = "<group>"; };
		214A910029FCE59900251D51 /* WeatherView.swift */ = {isa = PBXFileReference; lastKnownFileType = sourcecode.swift; path = WeatherView.swift; sourceTree = "<group>"; };
		214A910229FCE60300251D51 /* WeatherWideget.swift */ = {isa = PBXFileReference; lastKnownFileType = sourcecode.swift; path = WeatherWideget.swift; sourceTree = "<group>"; };
		21640DA929CF163600727D33 /* Weather.app */ = {isa = PBXFileReference; explicitFileType = wrapper.application; includeInIndex = 0; path = Weather.app; sourceTree = BUILT_PRODUCTS_DIR; };
		21640DAC29CF163600727D33 /* WeatherApp.swift */ = {isa = PBXFileReference; lastKnownFileType = sourcecode.swift; path = WeatherApp.swift; sourceTree = "<group>"; };
		21640DAE29CF163600727D33 /* ContentView.swift */ = {isa = PBXFileReference; lastKnownFileType = sourcecode.swift; path = ContentView.swift; sourceTree = "<group>"; };
		21640DB029CF163700727D33 /* Assets.xcassets */ = {isa = PBXFileReference; lastKnownFileType = folder.assetcatalog; path = Assets.xcassets; sourceTree = "<group>"; };
		21640DB329CF163700727D33 /* Preview Assets.xcassets */ = {isa = PBXFileReference; lastKnownFileType = folder.assetcatalog; path = "Preview Assets.xcassets"; sourceTree = "<group>"; };
		21640DC129CF1ADF00727D33 /* Extensions.swift */ = {isa = PBXFileReference; lastKnownFileType = sourcecode.swift; path = Extensions.swift; sourceTree = "<group>"; };
		21640DC329CF1D0B00727D33 /* HomeView.swift */ = {isa = PBXFileReference; lastKnownFileType = sourcecode.swift; path = HomeView.swift; sourceTree = "<group>"; };
		21B131F029D31140003F8835 /* TabBar.swift */ = {isa = PBXFileReference; lastKnownFileType = sourcecode.swift; path = TabBar.swift; sourceTree = "<group>"; };
		21D76F5E29E1EDF900EB4A1A /* ForecastView.swift */ = {isa = PBXFileReference; lastKnownFileType = sourcecode.swift; path = ForecastView.swift; sourceTree = "<group>"; };
		21D76F6029E550E700EB4A1A /* Blur.swift */ = {isa = PBXFileReference; lastKnownFileType = sourcecode.swift; path = Blur.swift; sourceTree = "<group>"; };
/* End PBXFileReference section */

/* Begin PBXFrameworksBuildPhase section */
		21640DA629CF163600727D33 /* Frameworks */ = {
			isa = PBXFrameworksBuildPhase;
			buildActionMask = 2147483647;
			files = (
				21D76F5D29E1EA4E00EB4A1A /* BottomSheet in Frameworks */,
			);
			runOnlyForDeploymentPostprocessing = 0;
		};
/* End PBXFrameworksBuildPhase section */

/* Begin PBXGroup section */
		21640DA029CF163600727D33 = {
			isa = PBXGroup;
			children = (
				21640DAB29CF163600727D33 /* Weather */,
				21640DAA29CF163600727D33 /* Products */,
			);
			sourceTree = "<group>";
		};
		21640DAA29CF163600727D33 /* Products */ = {
			isa = PBXGroup;
			children = (
				21640DA929CF163600727D33 /* Weather.app */,
			);
			name = Products;
			sourceTree = "<group>";
		};
		21640DAB29CF163600727D33 /* Weather */ = {
			isa = PBXGroup;
			children = (
				21640DAC29CF163600727D33 /* WeatherApp.swift */,
				21640DBA29CF19AB00727D33 /* Views */,
				21640DBB29CF19C300727D33 /* Models */,
				21640DBC29CF19DB00727D33 /* Utils */,
				21640DB029CF163700727D33 /* Assets.xcassets */,
				21640DB229CF163700727D33 /* Preview Content */,
			);
			path = Weather;
			sourceTree = "<group>";
		};
		21640DB229CF163700727D33 /* Preview Content */ = {
			isa = PBXGroup;
			children = (
				21640DB329CF163700727D33 /* Preview Assets.xcassets */,
			);
			path = "Preview Content";
			sourceTree = "<group>";
		};
		21640DBA29CF19AB00727D33 /* Views */ = {
			isa = PBXGroup;
			children = (
				21640DBD29CF19F700727D33 /* Main */,
				21640DBF29CF1A2000727D33 /* Navigation */,
				21640DBE29CF1A0600727D33 /* Detail */,
				21640DC029CF1A3100727D33 /* Components */,
			);
			path = Views;
			sourceTree = "<group>";
		};
		21640DBB29CF19C300727D33 /* Models */ = {
			isa = PBXGroup;
			children = (
				214A90FA29FCDEE500251D51 /* ForecastModel.swift */,
			);
			path = Models;
			sourceTree = "<group>";
		};
		21640DBC29CF19DB00727D33 /* Utils */ = {
			isa = PBXGroup;
			children = (
				21640DC129CF1ADF00727D33 /* Extensions.swift */,
				21320CD429D5BC7F00E11582 /* Shapes.swift */,
			);
			path = Utils;
			sourceTree = "<group>";
		};
		21640DBD29CF19F700727D33 /* Main */ = {
			isa = PBXGroup;
			children = (
				21640DAE29CF163600727D33 /* ContentView.swift */,
				21640DC329CF1D0B00727D33 /* HomeView.swift */,
			);
			path = Main;
			sourceTree = "<group>";
		};
		21640DBE29CF1A0600727D33 /* Detail */ = {
			isa = PBXGroup;
			children = (
				21D76F5E29E1EDF900EB4A1A /* ForecastView.swift */,
				214A910029FCE59900251D51 /* WeatherView.swift */,
			);
			path = Detail;
			sourceTree = "<group>";
		};
		21640DBF29CF1A2000727D33 /* Navigation */ = {
			isa = PBXGroup;
			children = (
				21B131F029D31140003F8835 /* TabBar.swift */,
				214A90FE29FCE53400251D51 /* NavigationBar.swift */,
			);
			path = Navigation;
			sourceTree = "<group>";
		};
		21640DC029CF1A3100727D33 /* Components */ = {
			isa = PBXGroup;
			children = (
				21D76F6029E550E700EB4A1A /* Blur.swift */,
				214A90F829FCD83700251D51 /* SagmentedControl.swift */,
				214A90FC29FCE25F00251D51 /* ForecastCard.swift */,
				214A910229FCE60300251D51 /* WeatherWideget.swift */,
			);
			path = Components;
			sourceTree = "<group>";
		};
/* End PBXGroup section */

/* Begin PBXNativeTarget section */
		21640DA829CF163600727D33 /* Weather */ = {
			isa = PBXNativeTarget;
			buildConfigurationList = 21640DB729CF163700727D33 /* Build configuration list for PBXNativeTarget "Weather" */;
			buildPhases = (
				21640DA529CF163600727D33 /* Sources */,
				21640DA629CF163600727D33 /* Frameworks */,
				21640DA729CF163600727D33 /* Resources */,
			);
			buildRules = (
			);
			dependencies = (
			);
			name = Weather;
			packageProductDependencies = (
				21D76F5C29E1EA4E00EB4A1A /* BottomSheet */,
			);
			productName = Weather;
			productReference = 21640DA929CF163600727D33 /* Weather.app */;
			productType = "com.apple.product-type.application";
		};
/* End PBXNativeTarget section */

/* Begin PBXProject section */
		21640DA129CF163600727D33 /* Project object */ = {
			isa = PBXProject;
			attributes = {
				BuildIndependentTargetsInParallel = 1;
				LastSwiftUpdateCheck = 1420;
				LastUpgradeCheck = 1420;
				TargetAttributes = {
					21640DA829CF163600727D33 = {
						CreatedOnToolsVersion = 14.2;
					};
				};
			};
			buildConfigurationList = 21640DA429CF163600727D33 /* Build configuration list for PBXProject "Weather" */;
			compatibilityVersion = "Xcode 14.0";
			developmentRegion = en;
			hasScannedForEncodings = 0;
			knownRegions = (
				en,
				Base,
			);
			mainGroup = 21640DA029CF163600727D33;
			packageReferences = (
				21D76F5B29E1EA4E00EB4A1A /* XCRemoteSwiftPackageReference "BottomSheet" */,
			);
			productRefGroup = 21640DAA29CF163600727D33 /* Products */;
			projectDirPath = "";
			projectRoot = "";
			targets = (
				21640DA829CF163600727D33 /* Weather */,
			);
		};
/* End PBXProject section */

/* Begin PBXResourcesBuildPhase section */
		21640DA729CF163600727D33 /* Resources */ = {
			isa = PBXResourcesBuildPhase;
			buildActionMask = 2147483647;
			files = (
				21640DB429CF163700727D33 /* Preview Assets.xcassets in Resources */,
				21640DB129CF163700727D33 /* Assets.xcassets in Resources */,
			);
			runOnlyForDeploymentPostprocessing = 0;
		};
/* End PBXResourcesBuildPhase section */

/* Begin PBXSourcesBuildPhase section */
		21640DA529CF163600727D33 /* Sources */ = {
			isa = PBXSourcesBuildPhase;
			buildActionMask = 2147483647;
			files = (
				214A90FD29FCE25F00251D51 /* ForecastCard.swift in Sources */,
				21640DAF29CF163600727D33 /* ContentView.swift in Sources */,
				214A90F929FCD83700251D51 /* SagmentedControl.swift in Sources */,
				21640DC429CF1D0B00727D33 /* HomeView.swift in Sources */,
				21D76F6129E550E700EB4A1A /* Blur.swift in Sources */,
				214A910129FCE59900251D51 /* WeatherView.swift in Sources */,
				21640DC229CF1ADF00727D33 /* Extensions.swift in Sources */,
				21640DAD29CF163600727D33 /* WeatherApp.swift in Sources */,
				214A910329FCE60300251D51 /* WeatherWideget.swift in Sources */,
				21D76F5F29E1EDF900EB4A1A /* ForecastView.swift in Sources */,
				21B131F129D31140003F8835 /* TabBar.swift in Sources */,
				214A90FB29FCDEE500251D51 /* ForecastModel.swift in Sources */,
				21320CD529D5BC7F00E11582 /* Shapes.swift in Sources */,
				214A90FF29FCE53400251D51 /* NavigationBar.swift in Sources */,
			);
			runOnlyForDeploymentPostprocessing = 0;
		};
/* End PBXSourcesBuildPhase section */

/* Begin XCBuildConfiguration section */
		21640DB529CF163700727D33 /* Debug */ = {
			isa = XCBuildConfiguration;
			buildSettings = {
				ALWAYS_SEARCH_USER_PATHS = NO;
				CLANG_ANALYZER_NONNULL = YES;
				CLANG_ANALYZER_NUMBER_OBJECT_CONVERSION = YES_AGGRESSIVE;
				CLANG_CXX_LANGUAGE_STANDARD = "gnu++20";
				CLANG_ENABLE_MODULES = YES;
				CLANG_ENABLE_OBJC_ARC = YES;
				CLANG_ENABLE_OBJC_WEAK = YES;
				CLANG_WARN_BLOCK_CAPTURE_AUTORELEASING = YES;
				CLANG_WARN_BOOL_CONVERSION = YES;
				CLANG_WARN_COMMA = YES;
				CLANG_WARN_CONSTANT_CONVERSION = YES;
				CLANG_WARN_DEPRECATED_OBJC_IMPLEMENTATIONS = YES;
				CLANG_WARN_DIRECT_OBJC_ISA_USAGE = YES_ERROR;
				CLANG_WARN_DOCUMENTATION_COMMENTS = YES;
				CLANG_WARN_EMPTY_BODY = YES;
				CLANG_WARN_ENUM_CONVERSION = YES;
				CLANG_WARN_INFINITE_RECURSION = YES;
				CLANG_WARN_INT_CONVERSION = YES;
				CLANG_WARN_NON_LITERAL_NULL_CONVERSION = YES;
				CLANG_WARN_OBJC_IMPLICIT_RETAIN_SELF = YES;
				CLANG_WARN_OBJC_LITERAL_CONVERSION = YES;
				CLANG_WARN_OBJC_ROOT_CLASS = YES_ERROR;
				CLANG_WARN_QUOTED_INCLUDE_IN_FRAMEWORK_HEADER = YES;
				CLANG_WARN_RANGE_LOOP_ANALYSIS = YES;
				CLANG_WARN_STRICT_PROTOTYPES = YES;
				CLANG_WARN_SUSPICIOUS_MOVE = YES;
				CLANG_WARN_UNGUARDED_AVAILABILITY = YES_AGGRESSIVE;
				CLANG_WARN_UNREACHABLE_CODE = YES;
				CLANG_WARN__DUPLICATE_METHOD_MATCH = YES;
				COPY_PHASE_STRIP = NO;
				DEBUG_INFORMATION_FORMAT = dwarf;
				ENABLE_STRICT_OBJC_MSGSEND = YES;
				ENABLE_TESTABILITY = YES;
				GCC_C_LANGUAGE_STANDARD = gnu11;
				GCC_DYNAMIC_NO_PIC = NO;
				GCC_NO_COMMON_BLOCKS = YES;
				GCC_OPTIMIZATION_LEVEL = 0;
				GCC_PREPROCESSOR_DEFINITIONS = (
					"DEBUG=1",
					"$(inherited)",
				);
				GCC_WARN_64_TO_32_BIT_CONVERSION = YES;
				GCC_WARN_ABOUT_RETURN_TYPE = YES_ERROR;
				GCC_WARN_UNDECLARED_SELECTOR = YES;
				GCC_WARN_UNINITIALIZED_AUTOS = YES_AGGRESSIVE;
				GCC_WARN_UNUSED_FUNCTION = YES;
				GCC_WARN_UNUSED_VARIABLE = YES;
				IPHONEOS_DEPLOYMENT_TARGET = 16.2;
				MTL_ENABLE_DEBUG_INFO = INCLUDE_SOURCE;
				MTL_FAST_MATH = YES;
				ONLY_ACTIVE_ARCH = YES;
				SDKROOT = iphoneos;
				SWIFT_ACTIVE_COMPILATION_CONDITIONS = DEBUG;
				SWIFT_OPTIMIZATION_LEVEL = "-Onone";
			};
			name = Debug;
		};
		21640DB629CF163700727D33 /* Release */ = {
			isa = XCBuildConfiguration;
			buildSettings = {
				ALWAYS_SEARCH_USER_PATHS = NO;
				CLANG_ANALYZER_NONNULL = YES;
				CLANG_ANALYZER_NUMBER_OBJECT_CONVERSION = YES_AGGRESSIVE;
				CLANG_CXX_LANGUAGE_STANDARD = "gnu++20";
				CLANG_ENABLE_MODULES = YES;
				CLANG_ENABLE_OBJC_ARC = YES;
				CLANG_ENABLE_OBJC_WEAK = YES;
				CLANG_WARN_BLOCK_CAPTURE_AUTORELEASING = YES;
				CLANG_WARN_BOOL_CONVERSION = YES;
				CLANG_WARN_COMMA = YES;
				CLANG_WARN_CONSTANT_CONVERSION = YES;
				CLANG_WARN_DEPRECATED_OBJC_IMPLEMENTATIONS = YES;
				CLANG_WARN_DIRECT_OBJC_ISA_USAGE = YES_ERROR;
				CLANG_WARN_DOCUMENTATION_COMMENTS = YES;
				CLANG_WARN_EMPTY_BODY = YES;
				CLANG_WARN_ENUM_CONVERSION = YES;
				CLANG_WARN_INFINITE_RECURSION = YES;
				CLANG_WARN_INT_CONVERSION = YES;
				CLANG_WARN_NON_LITERAL_NULL_CONVERSION = YES;
				CLANG_WARN_OBJC_IMPLICIT_RETAIN_SELF = YES;
				CLANG_WARN_OBJC_LITERAL_CONVERSION = YES;
				CLANG_WARN_OBJC_ROOT_CLASS = YES_ERROR;
				CLANG_WARN_QUOTED_INCLUDE_IN_FRAMEWORK_HEADER = YES;
				CLANG_WARN_RANGE_LOOP_ANALYSIS = YES;
				CLANG_WARN_STRICT_PROTOTYPES = YES;
				CLANG_WARN_SUSPICIOUS_MOVE = YES;
				CLANG_WARN_UNGUARDED_AVAILABILITY = YES_AGGRESSIVE;
				CLANG_WARN_UNREACHABLE_CODE = YES;
				CLANG_WARN__DUPLICATE_METHOD_MATCH = YES;
				COPY_PHASE_STRIP = NO;
				DEBUG_INFORMATION_FORMAT = "dwarf-with-dsym";
				ENABLE_NS_ASSERTIONS = NO;
				ENABLE_STRICT_OBJC_MSGSEND = YES;
				GCC_C_LANGUAGE_STANDARD = gnu11;
				GCC_NO_COMMON_BLOCKS = YES;
				GCC_WARN_64_TO_32_BIT_CONVERSION = YES;
				GCC_WARN_ABOUT_RETURN_TYPE = YES_ERROR;
				GCC_WARN_UNDECLARED_SELECTOR = YES;
				GCC_WARN_UNINITIALIZED_AUTOS = YES_AGGRESSIVE;
				GCC_WARN_UNUSED_FUNCTION = YES;
				GCC_WARN_UNUSED_VARIABLE = YES;
				IPHONEOS_DEPLOYMENT_TARGET = 16.2;
				MTL_ENABLE_DEBUG_INFO = NO;
				MTL_FAST_MATH = YES;
				SDKROOT = iphoneos;
				SWIFT_COMPILATION_MODE = wholemodule;
				SWIFT_OPTIMIZATION_LEVEL = "-O";
				VALIDATE_PRODUCT = YES;
			};
			name = Release;
		};
		21640DB829CF163700727D33 /* Debug */ = {
			isa = XCBuildConfiguration;
			buildSettings = {
				ASSETCATALOG_COMPILER_APPICON_NAME = AppIcon;
				ASSETCATALOG_COMPILER_GLOBAL_ACCENT_COLOR_NAME = AccentColor;
				CODE_SIGN_STYLE = Automatic;
				CURRENT_PROJECT_VERSION = 1;
				DEVELOPMENT_ASSET_PATHS = "\"Weather/Preview Content\"";
				DEVELOPMENT_TEAM = U7XS4MY4Y9;
				ENABLE_PREVIEWS = YES;
				GENERATE_INFOPLIST_FILE = YES;
				INFOPLIST_KEY_UIApplicationSceneManifest_Generation = YES;
				INFOPLIST_KEY_UIApplicationSupportsIndirectInputEvents = YES;
				INFOPLIST_KEY_UILaunchScreen_Generation = YES;
				INFOPLIST_KEY_UISupportedInterfaceOrientations_iPad = "UIInterfaceOrientationPortrait UIInterfaceOrientationPortraitUpsideDown UIInterfaceOrientationLandscapeLeft UIInterfaceOrientationLandscapeRight";
				INFOPLIST_KEY_UISupportedInterfaceOrientations_iPhone = "UIInterfaceOrientationPortrait UIInterfaceOrientationLandscapeLeft UIInterfaceOrientationLandscapeRight";
				LD_RUNPATH_SEARCH_PATHS = (
					"$(inherited)",
					"@executable_path/Frameworks",
				);
				MARKETING_VERSION = 1.0;
				PRODUCT_BUNDLE_IDENTIFIER = com.abdallahNegm.Weather;
				PRODUCT_NAME = "$(TARGET_NAME)";
				SWIFT_EMIT_LOC_STRINGS = YES;
				SWIFT_VERSION = 5.0;
				TARGETED_DEVICE_FAMILY = "1,2";
			};
			name = Debug;
		};
		21640DB929CF163700727D33 /* Release */ = {
			isa = XCBuildConfiguration;
			buildSettings = {
				ASSETCATALOG_COMPILER_APPICON_NAME = AppIcon;
				ASSETCATALOG_COMPILER_GLOBAL_ACCENT_COLOR_NAME = AccentColor;
				CODE_SIGN_STYLE = Automatic;
				CURRENT_PROJECT_VERSION = 1;
				DEVELOPMENT_ASSET_PATHS = "\"Weather/Preview Content\"";
				DEVELOPMENT_TEAM = U7XS4MY4Y9;
				ENABLE_PREVIEWS = YES;
				GENERATE_INFOPLIST_FILE = YES;
				INFOPLIST_KEY_UIApplicationSceneManifest_Generation = YES;
				INFOPLIST_KEY_UIApplicationSupportsIndirectInputEvents = YES;
				INFOPLIST_KEY_UILaunchScreen_Generation = YES;
				INFOPLIST_KEY_UISupportedInterfaceOrientations_iPad = "UIInterfaceOrientationPortrait UIInterfaceOrientationPortraitUpsideDown UIInterfaceOrientationLandscapeLeft UIInterfaceOrientationLandscapeRight";
				INFOPLIST_KEY_UISupportedInterfaceOrientations_iPhone = "UIInterfaceOrientationPortrait UIInterfaceOrientationLandscapeLeft UIInterfaceOrientationLandscapeRight";
				LD_RUNPATH_SEARCH_PATHS = (
					"$(inherited)",
					"@executable_path/Frameworks",
				);
				MARKETING_VERSION = 1.0;
				PRODUCT_BUNDLE_IDENTIFIER = com.abdallahNegm.Weather;
				PRODUCT_NAME = "$(TARGET_NAME)";
				SWIFT_EMIT_LOC_STRINGS = YES;
				SWIFT_VERSION = 5.0;
				TARGETED_DEVICE_FAMILY = "1,2";
			};
			name = Release;
		};
/* End XCBuildConfiguration section */

/* Begin XCConfigurationList section */
		21640DA429CF163600727D33 /* Build configuration list for PBXProject "Weather" */ = {
			isa = XCConfigurationList;
			buildConfigurations = (
				21640DB529CF163700727D33 /* Debug */,
				21640DB629CF163700727D33 /* Release */,
			);
			defaultConfigurationIsVisible = 0;
			defaultConfigurationName = Release;
		};
		21640DB729CF163700727D33 /* Build configuration list for PBXNativeTarget "Weather" */ = {
			isa = XCConfigurationList;
			buildConfigurations = (
				21640DB829CF163700727D33 /* Debug */,
				21640DB929CF163700727D33 /* Release */,
			);
			defaultConfigurationIsVisible = 0;
			defaultConfigurationName = Release;
		};
/* End XCConfigurationList section */

/* Begin XCRemoteSwiftPackageReference section */
		21D76F5B29E1EA4E00EB4A1A /* XCRemoteSwiftPackageReference "BottomSheet" */ = {
			isa = XCRemoteSwiftPackageReference;
			repositoryURL = "https://github.com/Wouter125/BottomSheet";
			requirement = {
				kind = upToNextMajorVersion;
				minimumVersion = 1.0.0;
			};
		};
/* End XCRemoteSwiftPackageReference section */

/* Begin XCSwiftPackageProductDependency section */
		21D76F5C29E1EA4E00EB4A1A /* BottomSheet */ = {
			isa = XCSwiftPackageProductDependency;
			package = 21D76F5B29E1EA4E00EB4A1A /* XCRemoteSwiftPackageReference "BottomSheet" */;
			productName = BottomSheet;
		};
/* End XCSwiftPackageProductDependency section */
	};
	rootObject = 21640DA129CF163600727D33 /* Project object */;
}
